
Microsoft Visual Studio Solution File, Format Version 12.00
# Visual Studio 14
VisualStudioVersion = 14.0.25420.1
MinimumVisualStudioVersion = 10.0.40219.1
Project("{FAE04EC0-301F-11D3-BF4B-00C04F79EFBC}") = "WebApp", "WebApp\WebApp.csproj", "{651C5A80-239A-4587-AFDB-D2DC4664E426}"
EndProject
Project("{FAE04EC0-301F-11D3-BF4B-00C04F79EFBC}") = "WebApp.Tests", "WebApp.Tests\WebApp.Tests.csproj", "{0E1804FC-681E-498D-B397-86B427CC674C}"
EndProject
Global
	GlobalSection(SolutionConfigurationPlatforms) = preSolution
		Debug|Any CPU = Debug|Any CPU
		Release|Any CPU = Release|Any CPU
	EndGlobalSection
	GlobalSection(ProjectConfigurationPlatforms) = postSolution
		{651C5A80-239A-4587-AFDB-D2DC4664E426}.Debug|Any CPU.ActiveCfg = Debug|Any CPU
		{651C5A80-239A-4587-AFDB-D2DC4664E426}.Debug|Any CPU.Build.0 = Debug|Any CPU
		{651C5A80-239A-4587-AFDB-D2DC4664E426}.Release|Any CPU.ActiveCfg = Release|Any CPU
		{651C5A80-239A-4587-AFDB-D2DC4664E426}.Release|Any CPU.Build.0 = Release|Any CPU
		{0E1804FC-681E-498D-B397-86B427CC674C}.Debug|Any CPU.ActiveCfg = Debug|Any CPU
		{0E1804FC-681E-498D-B397-86B427CC674C}.Debug|Any CPU.Build.0 = Debug|Any CPU
		{0E1804FC-681E-498D-B397-86B427CC674C}.Release|Any CPU.ActiveCfg = Release|Any CPU
		{0E1804FC-681E-498D-B397-86B427CC674C}.Release|Any CPU.Build.0 = Release|Any CPU
	EndGlobalSection
	GlobalSection(SolutionProperties) = preSolution
		HideSolutionNode = FALSE
	EndGlobalSection
EndGlobal
